
Microsoft Visual Studio Solution File, Format Version 12.00
# Visual Studio Version 17
VisualStudioVersion = 17.3.32929.385
MinimumVisualStudioVersion = 10.0.40219.1
Project("{FAE04EC0-301F-11D3-BF4B-00C04F79EFBC}") = "Csharp_Prototype", "Csharp_Prototype\Csharp_Prototype.csproj", "{8986462E-0BA4-4F41-965E-1EFC5610B18C}"
EndProject
Global
	GlobalSection(SolutionConfigurationPlatforms) = preSolution
		Debug|Any CPU = Debug|Any CPU
		Release|Any CPU = Release|Any CPU
	EndGlobalSection
	GlobalSection(ProjectConfigurationPlatforms) = postSolution
		{8986462E-0BA4-4F41-965E-1EFC5610B18C}.Debug|Any CPU.ActiveCfg = Debug|Any CPU
		{8986462E-0BA4-4F41-965E-1EFC5610B18C}.Debug|Any CPU.Build.0 = Debug|Any CPU
		{8986462E-0BA4-4F41-965E-1EFC5610B18C}.Release|Any CPU.ActiveCfg = Release|Any CPU
		{8986462E-0BA4-4F41-965E-1EFC5610B18C}.Release|Any CPU.Build.0 = Release|Any CPU
	EndGlobalSection
	GlobalSection(SolutionProperties) = preSolution
		HideSolutionNode = FALSE
	EndGlobalSection
	GlobalSection(ExtensibilityGlobals) = postSolution
		SolutionGuid = {6D522E95-E5C5-443D-8BAE-D3AE2140E5B3}
	EndGlobalSection
EndGlobal
